
Microsoft Visual Studio Solution File, Format Version 12.00
# Visual Studio 2012
Project("{FAE04EC0-301F-11D3-BF4B-00C04F79EFBC}") = "DivyangDemo", "DivyangDemo\DivyangDemo.csproj", "{BFF41089-2F75-4680-92D3-5C9BD6A27214}"
EndProject
Project("{FAE04EC0-301F-11D3-BF4B-00C04F79EFBC}") = "Tester", "Tester\Tester.csproj", "{37BBC132-5BF8-48D6-A526-0A0FE421EBDC}"
EndProject
Global
	GlobalSection(SolutionConfigurationPlatforms) = preSolution
		Debug|Any CPU = Debug|Any CPU
		Release|Any CPU = Release|Any CPU
	EndGlobalSection
	GlobalSection(ProjectConfigurationPlatforms) = postSolution
		{BFF41089-2F75-4680-92D3-5C9BD6A27214}.Debug|Any CPU.ActiveCfg = Debug|Any CPU
		{BFF41089-2F75-4680-92D3-5C9BD6A27214}.Debug|Any CPU.Build.0 = Debug|Any CPU
		{BFF41089-2F75-4680-92D3-5C9BD6A27214}.Release|Any CPU.ActiveCfg = Release|Any CPU
		{BFF41089-2F75-4680-92D3-5C9BD6A27214}.Release|Any CPU.Build.0 = Release|Any CPU
		{37BBC132-5BF8-48D6-A526-0A0FE421EBDC}.Debug|Any CPU.ActiveCfg = Debug|Any CPU
		{37BBC132-5BF8-48D6-A526-0A0FE421EBDC}.Debug|Any CPU.Build.0 = Debug|Any CPU
		{37BBC132-5BF8-48D6-A526-0A0FE421EBDC}.Release|Any CPU.ActiveCfg = Release|Any CPU
		{37BBC132-5BF8-48D6-A526-0A0FE421EBDC}.Release|Any CPU.Build.0 = Release|Any CPU
	EndGlobalSection
	GlobalSection(SolutionProperties) = preSolution
		HideSolutionNode = FALSE
	EndGlobalSection
EndGlobal
